
Microsoft Visual Studio Solution File, Format Version 12.00
# Visual Studio Version 17
VisualStudioVersion = 17.0.32112.339
MinimumVisualStudioVersion = 10.0.40219.1
Project("{2150E333-8FDC-42A3-9474-1A3956D46DE8}") = "Services", "Services", "{C516C727-C1FE-4724-9F9E-8BFF085CA729}"
EndProject
Project("{2150E333-8FDC-42A3-9474-1A3956D46DE8}") = "Catalog", "Catalog", "{23F88A96-2171-4C12-8902-1893D92C7A4A}"
EndProject
Project("{9A19103F-16F7-4668-BE54-9A1E7A4F7556}") = "Catalog.API", "Services\Catalog\Catalog.API\Catalog.API.csproj", "{68DE3125-6049-4F36-AB97-2F911BA0A9A2}"
EndProject
Project("{E53339B2-1760-4266-BCC7-CA923CBCF16C}") = "docker-compose", "docker-compose.dcproj", "{6A958B02-1417-42C5-93EA-5E322FA588E9}"
EndProject
Project("{2150E333-8FDC-42A3-9474-1A3956D46DE8}") = "Basket", "Basket", "{F737313B-7F4E-4AB4-B6C6-841034986933}"
EndProject
Project("{9A19103F-16F7-4668-BE54-9A1E7A4F7556}") = "Basket.API", "Services\Basket\Basket.API\Basket.API.csproj", "{871736F7-5D43-4453-9C5D-99BDAEE57249}"
EndProject
Project("{2150E333-8FDC-42A3-9474-1A3956D46DE8}") = "Discount", "Discount", "{80B0D713-A3EF-4E9C-8044-67D6048ABC86}"
EndProject
Project("{9A19103F-16F7-4668-BE54-9A1E7A4F7556}") = "Discount.API", "Services\Discount\Discount.API\Discount.API.csproj", "{830BEE81-3AE6-4AC7-B2D9-3384D88FA806}"
EndProject
Project("{9A19103F-16F7-4668-BE54-9A1E7A4F7556}") = "Discount.Grpc", "Services\Discount\Discount.Grpc\Discount.Grpc.csproj", "{0598A813-D898-4828-909A-875382836E82}"
EndProject
Project("{2150E333-8FDC-42A3-9474-1A3956D46DE8}") = "Ordering", "Ordering", "{16ADE742-7CE2-453E-9917-CB07B23DBD5E}"
EndProject
Project("{FAE04EC0-301F-11D3-BF4B-00C04F79EFBC}") = "Ordering.API", "Services\Ordering\Ordering.API\Ordering.API.csproj", "{FBAA4100-B475-45F7-AA9C-586BCBC1B315}"
EndProject
Project("{FAE04EC0-301F-11D3-BF4B-00C04F79EFBC}") = "Ordering.Domain", "Services\Ordering\Ordering.Domain\Ordering.Domain.csproj", "{E26612BB-9D32-404E-A9AA-EBDE97CC0606}"
EndProject
Project("{FAE04EC0-301F-11D3-BF4B-00C04F79EFBC}") = "Ordering.Application", "Services\Ordering\Ordering.Application\Ordering.Application.csproj", "{664B886F-1CC1-489E-BD2B-B624468F9A2B}"
EndProject
Project("{FAE04EC0-301F-11D3-BF4B-00C04F79EFBC}") = "Ordering.Infrastructure", "Services\Ordering\Ordering.Infrastructure\Ordering.Infrastructure.csproj", "{F340C8FD-BA33-40CA-911A-E7BD7BDDC68D}"
EndProject
Global
	GlobalSection(SolutionConfigurationPlatforms) = preSolution
		Debug|Any CPU = Debug|Any CPU
		Release|Any CPU = Release|Any CPU
	EndGlobalSection
	GlobalSection(ProjectConfigurationPlatforms) = postSolution
		{68DE3125-6049-4F36-AB97-2F911BA0A9A2}.Debug|Any CPU.ActiveCfg = Debug|Any CPU
		{68DE3125-6049-4F36-AB97-2F911BA0A9A2}.Debug|Any CPU.Build.0 = Debug|Any CPU
		{68DE3125-6049-4F36-AB97-2F911BA0A9A2}.Release|Any CPU.ActiveCfg = Release|Any CPU
		{68DE3125-6049-4F36-AB97-2F911BA0A9A2}.Release|Any CPU.Build.0 = Release|Any CPU
		{6A958B02-1417-42C5-93EA-5E322FA588E9}.Debug|Any CPU.ActiveCfg = Debug|Any CPU
		{6A958B02-1417-42C5-93EA-5E322FA588E9}.Debug|Any CPU.Build.0 = Debug|Any CPU
		{6A958B02-1417-42C5-93EA-5E322FA588E9}.Release|Any CPU.ActiveCfg = Release|Any CPU
		{6A958B02-1417-42C5-93EA-5E322FA588E9}.Release|Any CPU.Build.0 = Release|Any CPU
		{871736F7-5D43-4453-9C5D-99BDAEE57249}.Debug|Any CPU.ActiveCfg = Debug|Any CPU
		{871736F7-5D43-4453-9C5D-99BDAEE57249}.Debug|Any CPU.Build.0 = Debug|Any CPU
		{871736F7-5D43-4453-9C5D-99BDAEE57249}.Release|Any CPU.ActiveCfg = Release|Any CPU
		{871736F7-5D43-4453-9C5D-99BDAEE57249}.Release|Any CPU.Build.0 = Release|Any CPU
		{830BEE81-3AE6-4AC7-B2D9-3384D88FA806}.Debug|Any CPU.ActiveCfg = Debug|Any CPU
		{830BEE81-3AE6-4AC7-B2D9-3384D88FA806}.Debug|Any CPU.Build.0 = Debug|Any CPU
		{830BEE81-3AE6-4AC7-B2D9-3384D88FA806}.Release|Any CPU.ActiveCfg = Release|Any CPU
		{830BEE81-3AE6-4AC7-B2D9-3384D88FA806}.Release|Any CPU.Build.0 = Release|Any CPU
		{0598A813-D898-4828-909A-875382836E82}.Debug|Any CPU.ActiveCfg = Debug|Any CPU
		{0598A813-D898-4828-909A-875382836E82}.Debug|Any CPU.Build.0 = Debug|Any CPU
		{0598A813-D898-4828-909A-875382836E82}.Release|Any CPU.ActiveCfg = Release|Any CPU
		{0598A813-D898-4828-909A-875382836E82}.Release|Any CPU.Build.0 = Release|Any CPU
		{FBAA4100-B475-45F7-AA9C-586BCBC1B315}.Debug|Any CPU.ActiveCfg = Debug|Any CPU
		{FBAA4100-B475-45F7-AA9C-586BCBC1B315}.Debug|Any CPU.Build.0 = Debug|Any CPU
		{FBAA4100-B475-45F7-AA9C-586BCBC1B315}.Release|Any CPU.ActiveCfg = Release|Any CPU
		{FBAA4100-B475-45F7-AA9C-586BCBC1B315}.Release|Any CPU.Build.0 = Release|Any CPU
		{E26612BB-9D32-404E-A9AA-EBDE97CC0606}.Debug|Any CPU.ActiveCfg = Debug|Any CPU
		{E26612BB-9D32-404E-A9AA-EBDE97CC0606}.Debug|Any CPU.Build.0 = Debug|Any CPU
		{E26612BB-9D32-404E-A9AA-EBDE97CC0606}.Release|Any CPU.ActiveCfg = Release|Any CPU
		{E26612BB-9D32-404E-A9AA-EBDE97CC0606}.Release|Any CPU.Build.0 = Release|Any CPU
		{664B886F-1CC1-489E-BD2B-B624468F9A2B}.Debug|Any CPU.ActiveCfg = Debug|Any CPU
		{664B886F-1CC1-489E-BD2B-B624468F9A2B}.Debug|Any CPU.Build.0 = Debug|Any CPU
		{664B886F-1CC1-489E-BD2B-B624468F9A2B}.Release|Any CPU.ActiveCfg = Release|Any CPU
		{664B886F-1CC1-489E-BD2B-B624468F9A2B}.Release|Any CPU.Build.0 = Release|Any CPU
		{F340C8FD-BA33-40CA-911A-E7BD7BDDC68D}.Debug|Any CPU.ActiveCfg = Debug|Any CPU
		{F340C8FD-BA33-40CA-911A-E7BD7BDDC68D}.Debug|Any CPU.Build.0 = Debug|Any CPU
		{F340C8FD-BA33-40CA-911A-E7BD7BDDC68D}.Release|Any CPU.ActiveCfg = Release|Any CPU
		{F340C8FD-BA33-40CA-911A-E7BD7BDDC68D}.Release|Any CPU.Build.0 = Release|Any CPU
	EndGlobalSection
	GlobalSection(SolutionProperties) = preSolution
		HideSolutionNode = FALSE
	EndGlobalSection
	GlobalSection(NestedProjects) = preSolution
		{23F88A96-2171-4C12-8902-1893D92C7A4A} = {C516C727-C1FE-4724-9F9E-8BFF085CA729}
		{68DE3125-6049-4F36-AB97-2F911BA0A9A2} = {23F88A96-2171-4C12-8902-1893D92C7A4A}
		{F737313B-7F4E-4AB4-B6C6-841034986933} = {C516C727-C1FE-4724-9F9E-8BFF085CA729}
		{871736F7-5D43-4453-9C5D-99BDAEE57249} = {F737313B-7F4E-4AB4-B6C6-841034986933}
		{80B0D713-A3EF-4E9C-8044-67D6048ABC86} = {C516C727-C1FE-4724-9F9E-8BFF085CA729}
		{830BEE81-3AE6-4AC7-B2D9-3384D88FA806} = {80B0D713-A3EF-4E9C-8044-67D6048ABC86}
		{0598A813-D898-4828-909A-875382836E82} = {80B0D713-A3EF-4E9C-8044-67D6048ABC86}
		{16ADE742-7CE2-453E-9917-CB07B23DBD5E} = {C516C727-C1FE-4724-9F9E-8BFF085CA729}
		{FBAA4100-B475-45F7-AA9C-586BCBC1B315} = {16ADE742-7CE2-453E-9917-CB07B23DBD5E}
		{E26612BB-9D32-404E-A9AA-EBDE97CC0606} = {16ADE742-7CE2-453E-9917-CB07B23DBD5E}
		{664B886F-1CC1-489E-BD2B-B624468F9A2B} = {16ADE742-7CE2-453E-9917-CB07B23DBD5E}
		{F340C8FD-BA33-40CA-911A-E7BD7BDDC68D} = {16ADE742-7CE2-453E-9917-CB07B23DBD5E}
	EndGlobalSection
	GlobalSection(ExtensibilityGlobals) = postSolution
		SolutionGuid = {186A4112-4DC1-49A0-BFE3-C79169EFFD6B}
	EndGlobalSection
EndGlobal
